
Microsoft Visual Studio Solution File, Format Version 12.00
# Visual Studio Version 16
VisualStudioVersion = 16.0.29613.14
MinimumVisualStudioVersion = 10.0.40219.1
Project("{FAE04EC0-301F-11D3-BF4B-00C04F79EFBC}") = "Комплексные", "Комплексные\Комплексные.csproj", "{99ADCFF8-D6FB-4373-B224-1B93534B6D66}"
EndProject
Global
	GlobalSection(SolutionConfigurationPlatforms) = preSolution
		Debug|Any CPU = Debug|Any CPU
		Release|Any CPU = Release|Any CPU
	EndGlobalSection
	GlobalSection(ProjectConfigurationPlatforms) = postSolution
		{99ADCFF8-D6FB-4373-B224-1B93534B6D66}.Debug|Any CPU.ActiveCfg = Debug|Any CPU
		{99ADCFF8-D6FB-4373-B224-1B93534B6D66}.Debug|Any CPU.Build.0 = Debug|Any CPU
		{99ADCFF8-D6FB-4373-B224-1B93534B6D66}.Release|Any CPU.ActiveCfg = Release|Any CPU
		{99ADCFF8-D6FB-4373-B224-1B93534B6D66}.Release|Any CPU.Build.0 = Release|Any CPU
	EndGlobalSection
	GlobalSection(SolutionProperties) = preSolution
		HideSolutionNode = FALSE
	EndGlobalSection
	GlobalSection(ExtensibilityGlobals) = postSolution
		SolutionGuid = {562530DE-0922-497A-9CA5-9FF23F0D3BFE}
	EndGlobalSection
EndGlobal
